
Microsoft Visual Studio Solution File, Format Version 12.00
# Visual Studio Version 16
VisualStudioVersion = 16.0.29709.97
MinimumVisualStudioVersion = 10.0.40219.1
Project("{FAE04EC0-301F-11D3-BF4B-00C04F79EFBC}") = "DFT.UWP", "DFT.UWP\DFT.UWP.csproj", "{2D7913A3-AD10-4DF4-AB2D-B35B7BC6C5D9}"
EndProject
Project("{FAE04EC0-301F-11D3-BF4B-00C04F79EFBC}") = "DFT.Android", "DFT.Android\DFT.Android.csproj", "{6FF7E04A-CBB9-4008-832C-BCA8A596A493}"
EndProject
Project("{FAE04EC0-301F-11D3-BF4B-00C04F79EFBC}") = "DFT.iOS", "DFT.iOS\DFT.iOS.csproj", "{0ED8FE20-5B21-4935-80BE-AE04328130C3}"
EndProject
Project("{9A19103F-16F7-4668-BE54-9A1E7A4F7556}") = "DFT", "DFT\DFT.csproj", "{D58DE536-8740-4FB8-84AF-D36FFF757C55}"
EndProject
Project("{FAE04EC0-301F-11D3-BF4B-00C04F79EFBC}") = "Editor", "Editor\Editor.csproj", "{DFEEF134-64C9-4FDF-B522-FEF08C9A6A1D}"
EndProject
Global
	GlobalSection(SolutionConfigurationPlatforms) = preSolution
		Debug|Any CPU = Debug|Any CPU
		Debug|ARM = Debug|ARM
		Debug|iPhone = Debug|iPhone
		Debug|iPhoneSimulator = Debug|iPhoneSimulator
		Debug|x64 = Debug|x64
		Debug|x86 = Debug|x86
		Release|Any CPU = Release|Any CPU
		Release|ARM = Release|ARM
		Release|iPhone = Release|iPhone
		Release|iPhoneSimulator = Release|iPhoneSimulator
		Release|x64 = Release|x64
		Release|x86 = Release|x86
	EndGlobalSection
	GlobalSection(ProjectConfigurationPlatforms) = postSolution
		{2D7913A3-AD10-4DF4-AB2D-B35B7BC6C5D9}.Debug|Any CPU.ActiveCfg = Debug|x86
		{2D7913A3-AD10-4DF4-AB2D-B35B7BC6C5D9}.Debug|Any CPU.Build.0 = Debug|x86
		{2D7913A3-AD10-4DF4-AB2D-B35B7BC6C5D9}.Debug|Any CPU.Deploy.0 = Debug|x86
		{2D7913A3-AD10-4DF4-AB2D-B35B7BC6C5D9}.Debug|ARM.ActiveCfg = Debug|ARM
		{2D7913A3-AD10-4DF4-AB2D-B35B7BC6C5D9}.Debug|ARM.Build.0 = Debug|ARM
		{2D7913A3-AD10-4DF4-AB2D-B35B7BC6C5D9}.Debug|ARM.Deploy.0 = Debug|ARM
		{2D7913A3-AD10-4DF4-AB2D-B35B7BC6C5D9}.Debug|iPhone.ActiveCfg = Debug|x86
		{2D7913A3-AD10-4DF4-AB2D-B35B7BC6C5D9}.Debug|iPhone.Build.0 = Debug|x86
		{2D7913A3-AD10-4DF4-AB2D-B35B7BC6C5D9}.Debug|iPhone.Deploy.0 = Debug|x86
		{2D7913A3-AD10-4DF4-AB2D-B35B7BC6C5D9}.Debug|iPhoneSimulator.ActiveCfg = Debug|x86
		{2D7913A3-AD10-4DF4-AB2D-B35B7BC6C5D9}.Debug|iPhoneSimulator.Build.0 = Debug|x86
		{2D7913A3-AD10-4DF4-AB2D-B35B7BC6C5D9}.Debug|iPhoneSimulator.Deploy.0 = Debug|x86
		{2D7913A3-AD10-4DF4-AB2D-B35B7BC6C5D9}.Debug|x64.ActiveCfg = Debug|x64
		{2D7913A3-AD10-4DF4-AB2D-B35B7BC6C5D9}.Debug|x64.Build.0 = Debug|x64
		{2D7913A3-AD10-4DF4-AB2D-B35B7BC6C5D9}.Debug|x64.Deploy.0 = Debug|x64
		{2D7913A3-AD10-4DF4-AB2D-B35B7BC6C5D9}.Debug|x86.ActiveCfg = Debug|x86
		{2D7913A3-AD10-4DF4-AB2D-B35B7BC6C5D9}.Debug|x86.Build.0 = Debug|x86
		{2D7913A3-AD10-4DF4-AB2D-B35B7BC6C5D9}.Debug|x86.Deploy.0 = Debug|x86
		{2D7913A3-AD10-4DF4-AB2D-B35B7BC6C5D9}.Release|Any CPU.ActiveCfg = Release|x86
		{2D7913A3-AD10-4DF4-AB2D-B35B7BC6C5D9}.Release|Any CPU.Build.0 = Release|x86
		{2D7913A3-AD10-4DF4-AB2D-B35B7BC6C5D9}.Release|Any CPU.Deploy.0 = Release|x86
		{2D7913A3-AD10-4DF4-AB2D-B35B7BC6C5D9}.Release|ARM.ActiveCfg = Release|ARM
		{2D7913A3-AD10-4DF4-AB2D-B35B7BC6C5D9}.Release|ARM.Build.0 = Release|ARM
		{2D7913A3-AD10-4DF4-AB2D-B35B7BC6C5D9}.Release|ARM.Deploy.0 = Release|ARM
		{2D7913A3-AD10-4DF4-AB2D-B35B7BC6C5D9}.Release|iPhone.ActiveCfg = Release|x86
		{2D7913A3-AD10-4DF4-AB2D-B35B7BC6C5D9}.Release|iPhone.Build.0 = Release|x86
		{2D7913A3-AD10-4DF4-AB2D-B35B7BC6C5D9}.Release|iPhone.Deploy.0 = Release|x86
		{2D7913A3-AD10-4DF4-AB2D-B35B7BC6C5D9}.Release|iPhoneSimulator.ActiveCfg = Release|x86
		{2D7913A3-AD10-4DF4-AB2D-B35B7BC6C5D9}.Release|iPhoneSimulator.Build.0 = Release|x86
		{2D7913A3-AD10-4DF4-AB2D-B35B7BC6C5D9}.Release|iPhoneSimulator.Deploy.0 = Release|x86
		{2D7913A3-AD10-4DF4-AB2D-B35B7BC6C5D9}.Release|x64.ActiveCfg = Release|x64
		{2D7913A3-AD10-4DF4-AB2D-B35B7BC6C5D9}.Release|x64.Build.0 = Release|x64
		{2D7913A3-AD10-4DF4-AB2D-B35B7BC6C5D9}.Release|x64.Deploy.0 = Release|x64
		{2D7913A3-AD10-4DF4-AB2D-B35B7BC6C5D9}.Release|x86.ActiveCfg = Release|x86
		{2D7913A3-AD10-4DF4-AB2D-B35B7BC6C5D9}.Release|x86.Build.0 = Release|x86
		{2D7913A3-AD10-4DF4-AB2D-B35B7BC6C5D9}.Release|x86.Deploy.0 = Release|x86
		{6FF7E04A-CBB9-4008-832C-BCA8A596A493}.Debug|Any CPU.ActiveCfg = Debug|Any CPU
		{6FF7E04A-CBB9-4008-832C-BCA8A596A493}.Debug|Any CPU.Build.0 = Debug|Any CPU
		{6FF7E04A-CBB9-4008-832C-BCA8A596A493}.Debug|Any CPU.Deploy.0 = Debug|Any CPU
		{6FF7E04A-CBB9-4008-832C-BCA8A596A493}.Debug|ARM.ActiveCfg = Debug|Any CPU
		{6FF7E04A-CBB9-4008-832C-BCA8A596A493}.Debug|ARM.Build.0 = Debug|Any CPU
		{6FF7E04A-CBB9-4008-832C-BCA8A596A493}.Debug|ARM.Deploy.0 = Debug|Any CPU
		{6FF7E04A-CBB9-4008-832C-BCA8A596A493}.Debug|iPhone.ActiveCfg = Debug|Any CPU
		{6FF7E04A-CBB9-4008-832C-BCA8A596A493}.Debug|iPhone.Build.0 = Debug|Any CPU
		{6FF7E04A-CBB9-4008-832C-BCA8A596A493}.Debug|iPhone.Deploy.0 = Debug|Any CPU
		{6FF7E04A-CBB9-4008-832C-BCA8A596A493}.Debug|iPhoneSimulator.ActiveCfg = Debug|Any CPU
		{6FF7E04A-CBB9-4008-832C-BCA8A596A493}.Debug|iPhoneSimulator.Build.0 = Debug|Any CPU
		{6FF7E04A-CBB9-4008-832C-BCA8A596A493}.Debug|iPhoneSimulator.Deploy.0 = Debug|Any CPU
		{6FF7E04A-CBB9-4008-832C-BCA8A596A493}.Debug|x64.ActiveCfg = Debug|Any CPU
		{6FF7E04A-CBB9-4008-832C-BCA8A596A493}.Debug|x64.Build.0 = Debug|Any CPU
		{6FF7E04A-CBB9-4008-832C-BCA8A596A493}.Debug|x64.Deploy.0 = Debug|Any CPU
		{6FF7E04A-CBB9-4008-832C-BCA8A596A493}.Debug|x86.ActiveCfg = Debug|Any CPU
		{6FF7E04A-CBB9-4008-832C-BCA8A596A493}.Debug|x86.Build.0 = Debug|Any CPU
		{6FF7E04A-CBB9-4008-832C-BCA8A596A493}.Debug|x86.Deploy.0 = Debug|Any CPU
		{6FF7E04A-CBB9-4008-832C-BCA8A596A493}.Release|Any CPU.ActiveCfg = Release|Any CPU
		{6FF7E04A-CBB9-4008-832C-BCA8A596A493}.Release|Any CPU.Build.0 = Release|Any CPU
		{6FF7E04A-CBB9-4008-832C-BCA8A596A493}.Release|Any CPU.Deploy.0 = Release|Any CPU
		{6FF7E04A-CBB9-4008-832C-BCA8A596A493}.Release|ARM.ActiveCfg = Release|Any CPU
		{6FF7E04A-CBB9-4008-832C-BCA8A596A493}.Release|ARM.Build.0 = Release|Any CPU
		{6FF7E04A-CBB9-4008-832C-BCA8A596A493}.Release|ARM.Deploy.0 = Release|Any CPU
		{6FF7E04A-CBB9-4008-832C-BCA8A596A493}.Release|iPhone.ActiveCfg = Release|Any CPU
		{6FF7E04A-CBB9-4008-832C-BCA8A596A493}.Release|iPhone.Build.0 = Release|Any CPU
		{6FF7E04A-CBB9-4008-832C-BCA8A596A493}.Release|iPhone.Deploy.0 = Release|Any CPU
		{6FF7E04A-CBB9-4008-832C-BCA8A596A493}.Release|iPhoneSimulator.ActiveCfg = Release|Any CPU
		{6FF7E04A-CBB9-4008-832C-BCA8A596A493}.Release|iPhoneSimulator.Build.0 = Release|Any CPU
		{6FF7E04A-CBB9-4008-832C-BCA8A596A493}.Release|iPhoneSimulator.Deploy.0 = Release|Any CPU
		{6FF7E04A-CBB9-4008-832C-BCA8A596A493}.Release|x64.ActiveCfg = Release|Any CPU
		{6FF7E04A-CBB9-4008-832C-BCA8A596A493}.Release|x64.Build.0 = Release|Any CPU
		{6FF7E04A-CBB9-4008-832C-BCA8A596A493}.Release|x64.Deploy.0 = Release|Any CPU
		{6FF7E04A-CBB9-4008-832C-BCA8A596A493}.Release|x86.ActiveCfg = Release|Any CPU
		{6FF7E04A-CBB9-4008-832C-BCA8A596A493}.Release|x86.Build.0 = Release|Any CPU
		{6FF7E04A-CBB9-4008-832C-BCA8A596A493}.Release|x86.Deploy.0 = Release|Any CPU
		{0ED8FE20-5B21-4935-80BE-AE04328130C3}.Debug|Any CPU.ActiveCfg = Debug|iPhone
		{0ED8FE20-5B21-4935-80BE-AE04328130C3}.Debug|Any CPU.Build.0 = Debug|iPhone
		{0ED8FE20-5B21-4935-80BE-AE04328130C3}.Debug|Any CPU.Deploy.0 = Debug|iPhone
		{0ED8FE20-5B21-4935-80BE-AE04328130C3}.Debug|ARM.ActiveCfg = Debug|iPhoneSimulator
		{0ED8FE20-5B21-4935-80BE-AE04328130C3}.Debug|ARM.Build.0 = Debug|iPhoneSimulator
		{0ED8FE20-5B21-4935-80BE-AE04328130C3}.Debug|ARM.Deploy.0 = Debug|iPhoneSimulator
		{0ED8FE20-5B21-4935-80BE-AE04328130C3}.Debug|iPhone.ActiveCfg = Debug|iPhone
		{0ED8FE20-5B21-4935-80BE-AE04328130C3}.Debug|iPhone.Build.0 = Debug|iPhone
		{0ED8FE20-5B21-4935-80BE-AE04328130C3}.Debug|iPhone.Deploy.0 = Debug|iPhone
		{0ED8FE20-5B21-4935-80BE-AE04328130C3}.Debug|iPhoneSimulator.ActiveCfg = Debug|iPhoneSimulator
		{0ED8FE20-5B21-4935-80BE-AE04328130C3}.Debug|iPhoneSimulator.Build.0 = Debug|iPhoneSimulator
		{0ED8FE20-5B21-4935-80BE-AE04328130C3}.Debug|iPhoneSimulator.Deploy.0 = Debug|iPhoneSimulator
		{0ED8FE20-5B21-4935-80BE-AE04328130C3}.Debug|x64.ActiveCfg = Debug|iPhone
		{0ED8FE20-5B21-4935-80BE-AE04328130C3}.Debug|x64.Build.0 = Debug|iPhone
		{0ED8FE20-5B21-4935-80BE-AE04328130C3}.Debug|x64.Deploy.0 = Debug|iPhone
		{0ED8FE20-5B21-4935-80BE-AE04328130C3}.Debug|x86.ActiveCfg = Debug|iPhone
		{0ED8FE20-5B21-4935-80BE-AE04328130C3}.Debug|x86.Build.0 = Debug|iPhone
		{0ED8FE20-5B21-4935-80BE-AE04328130C3}.Debug|x86.Deploy.0 = Debug|iPhone
		{0ED8FE20-5B21-4935-80BE-AE04328130C3}.Release|Any CPU.ActiveCfg = Release|iPhone
		{0ED8FE20-5B21-4935-80BE-AE04328130C3}.Release|Any CPU.Build.0 = Release|iPhone
		{0ED8FE20-5B21-4935-80BE-AE04328130C3}.Release|Any CPU.Deploy.0 = Release|iPhone
		{0ED8FE20-5B21-4935-80BE-AE04328130C3}.Release|ARM.ActiveCfg = Release|iPhone
		{0ED8FE20-5B21-4935-80BE-AE04328130C3}.Release|ARM.Build.0 = Release|iPhone
		{0ED8FE20-5B21-4935-80BE-AE04328130C3}.Release|ARM.Deploy.0 = Release|iPhone
		{0ED8FE20-5B21-4935-80BE-AE04328130C3}.Release|iPhone.ActiveCfg = Release|iPhone
		{0ED8FE20-5B21-4935-80BE-AE04328130C3}.Release|iPhone.Build.0 = Release|iPhone
		{0ED8FE20-5B21-4935-80BE-AE04328130C3}.Release|iPhone.Deploy.0 = Release|iPhone
		{0ED8FE20-5B21-4935-80BE-AE04328130C3}.Release|iPhoneSimulator.ActiveCfg = Release|iPhoneSimulator
		{0ED8FE20-5B21-4935-80BE-AE04328130C3}.Release|iPhoneSimulator.Build.0 = Release|iPhoneSimulator
		{0ED8FE20-5B21-4935-80BE-AE04328130C3}.Release|iPhoneSimulator.Deploy.0 = Release|iPhoneSimulator
		{0ED8FE20-5B21-4935-80BE-AE04328130C3}.Release|x64.ActiveCfg = Release|iPhone
		{0ED8FE20-5B21-4935-80BE-AE04328130C3}.Release|x64.Build.0 = Release|iPhone
		{0ED8FE20-5B21-4935-80BE-AE04328130C3}.Release|x64.Deploy.0 = Release|iPhone
		{0ED8FE20-5B21-4935-80BE-AE04328130C3}.Release|x86.ActiveCfg = Release|iPhone
		{0ED8FE20-5B21-4935-80BE-AE04328130C3}.Release|x86.Build.0 = Release|iPhone
		{0ED8FE20-5B21-4935-80BE-AE04328130C3}.Release|x86.Deploy.0 = Release|iPhone
		{D58DE536-8740-4FB8-84AF-D36FFF757C55}.Debug|Any CPU.ActiveCfg = Debug|Any CPU
		{D58DE536-8740-4FB8-84AF-D36FFF757C55}.Debug|Any CPU.Build.0 = Debug|Any CPU
		{D58DE536-8740-4FB8-84AF-D36FFF757C55}.Debug|Any CPU.Deploy.0 = Debug|Any CPU
		{D58DE536-8740-4FB8-84AF-D36FFF757C55}.Debug|ARM.ActiveCfg = Debug|Any CPU
		{D58DE536-8740-4FB8-84AF-D36FFF757C55}.Debug|ARM.Build.0 = Debug|Any CPU
		{D58DE536-8740-4FB8-84AF-D36FFF757C55}.Debug|ARM.Deploy.0 = Debug|Any CPU
		{D58DE536-8740-4FB8-84AF-D36FFF757C55}.Debug|iPhone.ActiveCfg = Debug|Any CPU
		{D58DE536-8740-4FB8-84AF-D36FFF757C55}.Debug|iPhone.Build.0 = Debug|Any CPU
		{D58DE536-8740-4FB8-84AF-D36FFF757C55}.Debug|iPhone.Deploy.0 = Debug|Any CPU
		{D58DE536-8740-4FB8-84AF-D36FFF757C55}.Debug|iPhoneSimulator.ActiveCfg = Debug|Any CPU
		{D58DE536-8740-4FB8-84AF-D36FFF757C55}.Debug|iPhoneSimulator.Build.0 = Debug|Any CPU
		{D58DE536-8740-4FB8-84AF-D36FFF757C55}.Debug|iPhoneSimulator.Deploy.0 = Debug|Any CPU
		{D58DE536-8740-4FB8-84AF-D36FFF757C55}.Debug|x64.ActiveCfg = Debug|Any CPU
		{D58DE536-8740-4FB8-84AF-D36FFF757C55}.Debug|x64.Build.0 = Debug|Any CPU
		{D58DE536-8740-4FB8-84AF-D36FFF757C55}.Debug|x64.Deploy.0 = Debug|Any CPU
		{D58DE536-8740-4FB8-84AF-D36FFF757C55}.Debug|x86.ActiveCfg = Debug|Any CPU
		{D58DE536-8740-4FB8-84AF-D36FFF757C55}.Debug|x86.Build.0 = Debug|Any CPU
		{D58DE536-8740-4FB8-84AF-D36FFF757C55}.Debug|x86.Deploy.0 = Debug|Any CPU
		{D58DE536-8740-4FB8-84AF-D36FFF757C55}.Release|Any CPU.ActiveCfg = Release|Any CPU
		{D58DE536-8740-4FB8-84AF-D36FFF757C55}.Release|Any CPU.Build.0 = Release|Any CPU
		{D58DE536-8740-4FB8-84AF-D36FFF757C55}.Release|Any CPU.Deploy.0 = Release|Any CPU
		{D58DE536-8740-4FB8-84AF-D36FFF757C55}.Release|ARM.ActiveCfg = Release|Any CPU
		{D58DE536-8740-4FB8-84AF-D36FFF757C55}.Release|ARM.Build.0 = Release|Any CPU
		{D58DE536-8740-4FB8-84AF-D36FFF757C55}.Release|ARM.Deploy.0 = Release|Any CPU
		{D58DE536-8740-4FB8-84AF-D36FFF757C55}.Release|iPhone.ActiveCfg = Release|Any CPU
		{D58DE536-8740-4FB8-84AF-D36FFF757C55}.Release|iPhone.Build.0 = Release|Any CPU
		{D58DE536-8740-4FB8-84AF-D36FFF757C55}.Release|iPhone.Deploy.0 = Release|Any CPU
		{D58DE536-8740-4FB8-84AF-D36FFF757C55}.Release|iPhoneSimulator.ActiveCfg = Release|Any CPU
		{D58DE536-8740-4FB8-84AF-D36FFF757C55}.Release|iPhoneSimulator.Build.0 = Release|Any CPU
		{D58DE536-8740-4FB8-84AF-D36FFF757C55}.Release|iPhoneSimulator.Deploy.0 = Release|Any CPU
		{D58DE536-8740-4FB8-84AF-D36FFF757C55}.Release|x64.ActiveCfg = Release|Any CPU
		{D58DE536-8740-4FB8-84AF-D36FFF757C55}.Release|x64.Build.0 = Release|Any CPU
		{D58DE536-8740-4FB8-84AF-D36FFF757C55}.Release|x64.Deploy.0 = Release|Any CPU
		{D58DE536-8740-4FB8-84AF-D36FFF757C55}.Release|x86.ActiveCfg = Release|Any CPU
		{D58DE536-8740-4FB8-84AF-D36FFF757C55}.Release|x86.Build.0 = Release|Any CPU
		{D58DE536-8740-4FB8-84AF-D36FFF757C55}.Release|x86.Deploy.0 = Release|Any CPU
		{DFEEF134-64C9-4FDF-B522-FEF08C9A6A1D}.Debug|Any CPU.ActiveCfg = Debug|Any CPU
		{DFEEF134-64C9-4FDF-B522-FEF08C9A6A1D}.Debug|Any CPU.Build.0 = Debug|Any CPU
		{DFEEF134-64C9-4FDF-B522-FEF08C9A6A1D}.Debug|ARM.ActiveCfg = Debug|Any CPU
		{DFEEF134-64C9-4FDF-B522-FEF08C9A6A1D}.Debug|ARM.Build.0 = Debug|Any CPU
		{DFEEF134-64C9-4FDF-B522-FEF08C9A6A1D}.Debug|iPhone.ActiveCfg = Debug|Any CPU
		{DFEEF134-64C9-4FDF-B522-FEF08C9A6A1D}.Debug|iPhone.Build.0 = Debug|Any CPU
		{DFEEF134-64C9-4FDF-B522-FEF08C9A6A1D}.Debug|iPhoneSimulator.ActiveCfg = Debug|Any CPU
		{DFEEF134-64C9-4FDF-B522-FEF08C9A6A1D}.Debug|iPhoneSimulator.Build.0 = Debug|Any CPU
		{DFEEF134-64C9-4FDF-B522-FEF08C9A6A1D}.Debug|x64.ActiveCfg = Debug|Any CPU
		{DFEEF134-64C9-4FDF-B522-FEF08C9A6A1D}.Debug|x64.Build.0 = Debug|Any CPU
		{DFEEF134-64C9-4FDF-B522-FEF08C9A6A1D}.Debug|x86.ActiveCfg = Debug|Any CPU
		{DFEEF134-64C9-4FDF-B522-FEF08C9A6A1D}.Debug|x86.Build.0 = Debug|Any CPU
		{DFEEF134-64C9-4FDF-B522-FEF08C9A6A1D}.Release|Any CPU.ActiveCfg = Release|Any CPU
		{DFEEF134-64C9-4FDF-B522-FEF08C9A6A1D}.Release|Any CPU.Build.0 = Release|Any CPU
		{DFEEF134-64C9-4FDF-B522-FEF08C9A6A1D}.Release|ARM.ActiveCfg = Release|Any CPU
		{DFEEF134-64C9-4FDF-B522-FEF08C9A6A1D}.Release|ARM.Build.0 = Release|Any CPU
		{DFEEF134-64C9-4FDF-B522-FEF08C9A6A1D}.Release|iPhone.ActiveCfg = Release|Any CPU
		{DFEEF134-64C9-4FDF-B522-FEF08C9A6A1D}.Release|iPhone.Build.0 = Release|Any CPU
		{DFEEF134-64C9-4FDF-B522-FEF08C9A6A1D}.Release|iPhoneSimulator.ActiveCfg = Release|Any CPU
		{DFEEF134-64C9-4FDF-B522-FEF08C9A6A1D}.Release|iPhoneSimulator.Build.0 = Release|Any CPU
		{DFEEF134-64C9-4FDF-B522-FEF08C9A6A1D}.Release|x64.ActiveCfg = Release|Any CPU
		{DFEEF134-64C9-4FDF-B522-FEF08C9A6A1D}.Release|x64.Build.0 = Release|Any CPU
		{DFEEF134-64C9-4FDF-B522-FEF08C9A6A1D}.Release|x86.ActiveCfg = Release|Any CPU
		{DFEEF134-64C9-4FDF-B522-FEF08C9A6A1D}.Release|x86.Build.0 = Release|Any CPU
	EndGlobalSection
	GlobalSection(SolutionProperties) = preSolution
		HideSolutionNode = FALSE
	EndGlobalSection
	GlobalSection(ExtensibilityGlobals) = postSolution
		SolutionGuid = {5D6C10AB-A00D-4AB3-89FD-03DE72CC7F84}
	EndGlobalSection
EndGlobal
